// !$*UTF8*$!
{
	archiveVersion = 1;
	classes = {
	};
	objectVersion = 56;
	objects = {

/* Begin PBXBuildFile section */
		C1A04EAE2CC5827D008F8882 /* AppDelegate.swift in Sources */ = {isa = PBXBuildFile; fileRef = C1A04EAD2CC5827D008F8882 /* AppDelegate.swift */; };
		C1A04EB02CC5827D008F8882 /* SceneDelegate.swift in Sources */ = {isa = PBXBuildFile; fileRef = C1A04EAF2CC5827D008F8882 /* SceneDelegate.swift */; };
		C1A04EB22CC5827D008F8882 /* ViewController.swift in Sources */ = {isa = PBXBuildFile; fileRef = C1A04EB12CC5827D008F8882 /* ViewController.swift */; };
		C1A04EB72CC5827E008F8882 /* Assets.xcassets in Resources */ = {isa = PBXBuildFile; fileRef = C1A04EB62CC5827E008F8882 /* Assets.xcassets */; };
		C1A04EBA2CC5827E008F8882 /* Base in Resources */ = {isa = PBXBuildFile; fileRef = C1A04EB92CC5827E008F8882 /* Base */; };
		C1A04EC52CC5827E008F8882 /* UICollectionViewPlanetsTests.swift in Sources */ = {isa = PBXBuildFile; fileRef = C1A04EC42CC5827E008F8882 /* UICollectionViewPlanetsTests.swift */; };
		C1A04ECF2CC5827E008F8882 /* UICollectionViewPlanetsUITests.swift in Sources */ = {isa = PBXBuildFile; fileRef = C1A04ECE2CC5827E008F8882 /* UICollectionViewPlanetsUITests.swift */; };
		C1A04ED12CC5827E008F8882 /* UICollectionViewPlanetsUITestsLaunchTests.swift in Sources */ = {isa = PBXBuildFile; fileRef = C1A04ED02CC5827E008F8882 /* UICollectionViewPlanetsUITestsLaunchTests.swift */; };
		C1A04EE32CC5A3D1008F8882 /* PlanetCell.xib in Resources */ = {isa = PBXBuildFile; fileRef = C1A04EE22CC5A3D1008F8882 /* PlanetCell.xib */; };
		C1A04EE42CC5A3D1008F8882 /* PlanetCell.swift in Sources */ = {isa = PBXBuildFile; fileRef = C1A04EE12CC5A3D1008F8882 /* PlanetCell.swift */; };
		C1A04EE62CC640C7008F8882 /* DetailsforMarsVC.swift in Sources */ = {isa = PBXBuildFile; fileRef = C1A04EE52CC640C7008F8882 /* DetailsforMarsVC.swift */; };
/* End PBXBuildFile section */

/* Begin PBXContainerItemProxy section */
		C1A04EC12CC5827E008F8882 /* PBXContainerItemProxy */ = {
			isa = PBXContainerItemProxy;
			containerPortal = C1A04EA22CC5827D008F8882 /* Project object */;
			proxyType = 1;
			remoteGlobalIDString = C1A04EA92CC5827D008F8882;
			remoteInfo = UICollectionViewPlanets;
		};
		C1A04ECB2CC5827E008F8882 /* PBXContainerItemProxy */ = {
			isa = PBXContainerItemProxy;
			containerPortal = C1A04EA22CC5827D008F8882 /* Project object */;
			proxyType = 1;
			remoteGlobalIDString = C1A04EA92CC5827D008F8882;
			remoteInfo = UICollectionViewPlanets;
		};
/* End PBXContainerItemProxy section */

/* Begin PBXFileReference section */
		C1A04EAA2CC5827D008F8882 /* UICollectionViewPlanets.app */ = {isa = PBXFileReference; explicitFileType = wrapper.application; includeInIndex = 0; path = UICollectionViewPlanets.app; sourceTree = BUILT_PRODUCTS_DIR; };
		C1A04EAD2CC5827D008F8882 /* AppDelegate.swift */ = {isa = PBXFileReference; lastKnownFileType = sourcecode.swift; path = AppDelegate.swift; sourceTree = "<group>"; };
		C1A04EAF2CC5827D008F8882 /* SceneDelegate.swift */ = {isa = PBXFileReference; lastKnownFileType = sourcecode.swift; path = SceneDelegate.swift; sourceTree = "<group>"; };
		C1A04EB12CC5827D008F8882 /* ViewController.swift */ = {isa = PBXFileReference; lastKnownFileType = sourcecode.swift; path = ViewController.swift; sourceTree = "<group>"; };
		C1A04EB62CC5827E008F8882 /* Assets.xcassets */ = {isa = PBXFileReference; lastKnownFileType = folder.assetcatalog; path = Assets.xcassets; sourceTree = "<group>"; };
		C1A04EB92CC5827E008F8882 /* Base */ = {isa = PBXFileReference; lastKnownFileType = file.storyboard; name = Base; path = Base.lproj/LaunchScreen.storyboard; sourceTree = "<group>"; };
		C1A04EBB2CC5827E008F8882 /* Info.plist */ = {isa = PBXFileReference; lastKnownFileType = text.plist.xml; path = Info.plist; sourceTree = "<group>"; };
		C1A04EC02CC5827E008F8882 /* UICollectionViewPlanetsTests.xctest */ = {isa = PBXFileReference; explicitFileType = wrapper.cfbundle; includeInIndex = 0; path = UICollectionViewPlanetsTests.xctest; sourceTree = BUILT_PRODUCTS_DIR; };
		C1A04EC42CC5827E008F8882 /* UICollectionViewPlanetsTests.swift */ = {isa = PBXFileReference; lastKnownFileType = sourcecode.swift; path = UICollectionViewPlanetsTests.swift; sourceTree = "<group>"; };
		C1A04ECA2CC5827E008F8882 /* UICollectionViewPlanetsUITests.xctest */ = {isa = PBXFileReference; explicitFileType = wrapper.cfbundle; includeInIndex = 0; path = UICollectionViewPlanetsUITests.xctest; sourceTree = BUILT_PRODUCTS_DIR; };
		C1A04ECE2CC5827E008F8882 /* UICollectionViewPlanetsUITests.swift */ = {isa = PBXFileReference; lastKnownFileType = sourcecode.swift; path = UICollectionViewPlanetsUITests.swift; sourceTree = "<group>"; };
		C1A04ED02CC5827E008F8882 /* UICollectionViewPlanetsUITestsLaunchTests.swift */ = {isa = PBXFileReference; lastKnownFileType = sourcecode.swift; path = UICollectionViewPlanetsUITestsLaunchTests.swift; sourceTree = "<group>"; };
		C1A04EE12CC5A3D1008F8882 /* PlanetCell.swift */ = {isa = PBXFileReference; lastKnownFileType = sourcecode.swift; path = PlanetCell.swift; sourceTree = "<group>"; };
		C1A04EE22CC5A3D1008F8882 /* PlanetCell.xib */ = {isa = PBXFileReference; lastKnownFileType = file.xib; path = PlanetCell.xib; sourceTree = "<group>"; };
		C1A04EE52CC640C7008F8882 /* DetailsforMarsVC.swift */ = {isa = PBXFileReference; lastKnownFileType = sourcecode.swift; path = DetailsforMarsVC.swift; sourceTree = "<group>"; };
/* End PBXFileReference section */

/* Begin PBXFrameworksBuildPhase section */
		C1A04EA72CC5827D008F8882 /* Frameworks */ = {
			isa = PBXFrameworksBuildPhase;
			buildActionMask = 2147483647;
			files = (
			);
			runOnlyForDeploymentPostprocessing = 0;
		};
		C1A04EBD2CC5827E008F8882 /* Frameworks */ = {
			isa = PBXFrameworksBuildPhase;
			buildActionMask = 2147483647;
			files = (
			);
			runOnlyForDeploymentPostprocessing = 0;
		};
		C1A04EC72CC5827E008F8882 /* Frameworks */ = {
			isa = PBXFrameworksBuildPhase;
			buildActionMask = 2147483647;
			files = (
			);
			runOnlyForDeploymentPostprocessing = 0;
		};
/* End PBXFrameworksBuildPhase section */

/* Begin PBXGroup section */
		C1A04EA12CC5827D008F8882 = {
			isa = PBXGroup;
			children = (
				C1A04EAC2CC5827D008F8882 /* UICollectionViewPlanets */,
				C1A04EC32CC5827E008F8882 /* UICollectionViewPlanetsTests */,
				C1A04ECD2CC5827E008F8882 /* UICollectionViewPlanetsUITests */,
				C1A04EAB2CC5827D008F8882 /* Products */,
			);
			sourceTree = "<group>";
		};
		C1A04EAB2CC5827D008F8882 /* Products */ = {
			isa = PBXGroup;
			children = (
				C1A04EAA2CC5827D008F8882 /* UICollectionViewPlanets.app */,
				C1A04EC02CC5827E008F8882 /* UICollectionViewPlanetsTests.xctest */,
				C1A04ECA2CC5827E008F8882 /* UICollectionViewPlanetsUITests.xctest */,
			);
			name = Products;
			sourceTree = "<group>";
		};
		C1A04EAC2CC5827D008F8882 /* UICollectionViewPlanets */ = {
			isa = PBXGroup;
			children = (
				C1A04EAD2CC5827D008F8882 /* AppDelegate.swift */,
				C1A04EAF2CC5827D008F8882 /* SceneDelegate.swift */,
				C1A04EB12CC5827D008F8882 /* ViewController.swift */,
				C1A04EE52CC640C7008F8882 /* DetailsforMarsVC.swift */,
				C1A04EE12CC5A3D1008F8882 /* PlanetCell.swift */,
				C1A04EE22CC5A3D1008F8882 /* PlanetCell.xib */,
				C1A04EB62CC5827E008F8882 /* Assets.xcassets */,
				C1A04EB82CC5827E008F8882 /* LaunchScreen.storyboard */,
				C1A04EBB2CC5827E008F8882 /* Info.plist */,
			);
			path = UICollectionViewPlanets;
			sourceTree = "<group>";
		};
		C1A04EC32CC5827E008F8882 /* UICollectionViewPlanetsTests */ = {
			isa = PBXGroup;
			children = (
				C1A04EC42CC5827E008F8882 /* UICollectionViewPlanetsTests.swift */,
			);
			path = UICollectionViewPlanetsTests;
			sourceTree = "<group>";
		};
		C1A04ECD2CC5827E008F8882 /* UICollectionViewPlanetsUITests */ = {
			isa = PBXGroup;
			children = (
				C1A04ECE2CC5827E008F8882 /* UICollectionViewPlanetsUITests.swift */,
				C1A04ED02CC5827E008F8882 /* UICollectionViewPlanetsUITestsLaunchTests.swift */,
			);
			path = UICollectionViewPlanetsUITests;
			sourceTree = "<group>";
		};
/* End PBXGroup section */

/* Begin PBXNativeTarget section */
		C1A04EA92CC5827D008F8882 /* UICollectionViewPlanets */ = {
			isa = PBXNativeTarget;
			buildConfigurationList = C1A04ED42CC5827E008F8882 /* Build configuration list for PBXNativeTarget "UICollectionViewPlanets" */;
			buildPhases = (
				C1A04EA62CC5827D008F8882 /* Sources */,
				C1A04EA72CC5827D008F8882 /* Frameworks */,
				C1A04EA82CC5827D008F8882 /* Resources */,
			);
			buildRules = (
			);
			dependencies = (
			);
			name = UICollectionViewPlanets;
			productName = UICollectionViewPlanets;
			productReference = C1A04EAA2CC5827D008F8882 /* UICollectionViewPlanets.app */;
			productType = "com.apple.product-type.application";
		};
		C1A04EBF2CC5827E008F8882 /* UICollectionViewPlanetsTests */ = {
			isa = PBXNativeTarget;
			buildConfigurationList = C1A04ED72CC5827E008F8882 /* Build configuration list for PBXNativeTarget "UICollectionViewPlanetsTests" */;
			buildPhases = (
				C1A04EBC2CC5827E008F8882 /* Sources */,
				C1A04EBD2CC5827E008F8882 /* Frameworks */,
				C1A04EBE2CC5827E008F8882 /* Resources */,
			);
			buildRules = (
			);
			dependencies = (
				C1A04EC22CC5827E008F8882 /* PBXTargetDependency */,
			);
			name = UICollectionViewPlanetsTests;
			productName = UICollectionViewPlanetsTests;
			productReference = C1A04EC02CC5827E008F8882 /* UICollectionViewPlanetsTests.xctest */;
			productType = "com.apple.product-type.bundle.unit-test";
		};
		C1A04EC92CC5827E008F8882 /* UICollectionViewPlanetsUITests */ = {
			isa = PBXNativeTarget;
			buildConfigurationList = C1A04EDA2CC5827E008F8882 /* Build configuration list for PBXNativeTarget "UICollectionViewPlanetsUITests" */;
			buildPhases = (
				C1A04EC62CC5827E008F8882 /* Sources */,
				C1A04EC72CC5827E008F8882 /* Frameworks */,
				C1A04EC82CC5827E008F8882 /* Resources */,
			);
			buildRules = (
			);
			dependencies = (
				C1A04ECC2CC5827E008F8882 /* PBXTargetDependency */,
			);
			name = UICollectionViewPlanetsUITests;
			productName = UICollectionViewPlanetsUITests;
			productReference = C1A04ECA2CC5827E008F8882 /* UICollectionViewPlanetsUITests.xctest */;
			productType = "com.apple.product-type.bundle.ui-testing";
		};
/* End PBXNativeTarget section */

/* Begin PBXProject section */
		C1A04EA22CC5827D008F8882 /* Project object */ = {
			isa = PBXProject;
			attributes = {
				BuildIndependentTargetsInParallel = 1;
				LastSwiftUpdateCheck = 1540;
				LastUpgradeCheck = 1540;
				TargetAttributes = {
					C1A04EA92CC5827D008F8882 = {
						CreatedOnToolsVersion = 15.4;
					};
					C1A04EBF2CC5827E008F8882 = {
						CreatedOnToolsVersion = 15.4;
						TestTargetID = C1A04EA92CC5827D008F8882;
					};
					C1A04EC92CC5827E008F8882 = {
						CreatedOnToolsVersion = 15.4;
						TestTargetID = C1A04EA92CC5827D008F8882;
					};
				};
			};
			buildConfigurationList = C1A04EA52CC5827D008F8882 /* Build configuration list for PBXProject "UICollectionViewPlanets" */;
			compatibilityVersion = "Xcode 14.0";
			developmentRegion = en;
			hasScannedForEncodings = 0;
			knownRegions = (
				en,
				Base,
			);
			mainGroup = C1A04EA12CC5827D008F8882;
			productRefGroup = C1A04EAB2CC5827D008F8882 /* Products */;
			projectDirPath = "";
			projectRoot = "";
			targets = (
				C1A04EA92CC5827D008F8882 /* UICollectionViewPlanets */,
				C1A04EBF2CC5827E008F8882 /* UICollectionViewPlanetsTests */,
				C1A04EC92CC5827E008F8882 /* UICollectionViewPlanetsUITests */,
			);
		};
/* End PBXProject section */

/* Begin PBXResourcesBuildPhase section */
		C1A04EA82CC5827D008F8882 /* Resources */ = {
			isa = PBXResourcesBuildPhase;
			buildActionMask = 2147483647;
			files = (
				C1A04EB72CC5827E008F8882 /* Assets.xcassets in Resources */,
				C1A04EE32CC5A3D1008F8882 /* PlanetCell.xib in Resources */,
				C1A04EBA2CC5827E008F8882 /* Base in Resources */,
			);
			runOnlyForDeploymentPostprocessing = 0;
		};
		C1A04EBE2CC5827E008F8882 /* Resources */ = {
			isa = PBXResourcesBuildPhase;
			buildActionMask = 2147483647;
			files = (
			);
			runOnlyForDeploymentPostprocessing = 0;
		};
		C1A04EC82CC5827E008F8882 /* Resources */ = {
			isa = PBXResourcesBuildPhase;
			buildActionMask = 2147483647;
			files = (
			);
			runOnlyForDeploymentPostprocessing = 0;
		};
/* End PBXResourcesBuildPhase section */

/* Begin PBXSourcesBuildPhase section */
		C1A04EA62CC5827D008F8882 /* Sources */ = {
			isa = PBXSourcesBuildPhase;
			buildActionMask = 2147483647;
			files = (
				C1A04EB22CC5827D008F8882 /* ViewController.swift in Sources */,
				C1A04EE62CC640C7008F8882 /* DetailsforMarsVC.swift in Sources */,
				C1A04EAE2CC5827D008F8882 /* AppDelegate.swift in Sources */,
				C1A04EB02CC5827D008F8882 /* SceneDelegate.swift in Sources */,
				C1A04EE42CC5A3D1008F8882 /* PlanetCell.swift in Sources */,
			);
			runOnlyForDeploymentPostprocessing = 0;
		};
		C1A04EBC2CC5827E008F8882 /* Sources */ = {
			isa = PBXSourcesBuildPhase;
			buildActionMask = 2147483647;
			files = (
				C1A04EC52CC5827E008F8882 /* UICollectionViewPlanetsTests.swift in Sources */,
			);
			runOnlyForDeploymentPostprocessing = 0;
		};
		C1A04EC62CC5827E008F8882 /* Sources */ = {
			isa = PBXSourcesBuildPhase;
			buildActionMask = 2147483647;
			files = (
				C1A04ECF2CC5827E008F8882 /* UICollectionViewPlanetsUITests.swift in Sources */,
				C1A04ED12CC5827E008F8882 /* UICollectionViewPlanetsUITestsLaunchTests.swift in Sources */,
			);
			runOnlyForDeploymentPostprocessing = 0;
		};
/* End PBXSourcesBuildPhase section */

/* Begin PBXTargetDependency section */
		C1A04EC22CC5827E008F8882 /* PBXTargetDependency */ = {
			isa = PBXTargetDependency;
			target = C1A04EA92CC5827D008F8882 /* UICollectionViewPlanets */;
			targetProxy = C1A04EC12CC5827E008F8882 /* PBXContainerItemProxy */;
		};
		C1A04ECC2CC5827E008F8882 /* PBXTargetDependency */ = {
			isa = PBXTargetDependency;
			target = C1A04EA92CC5827D008F8882 /* UICollectionViewPlanets */;
			targetProxy = C1A04ECB2CC5827E008F8882 /* PBXContainerItemProxy */;
		};
/* End PBXTargetDependency section */

/* Begin PBXVariantGroup section */
		C1A04EB82CC5827E008F8882 /* LaunchScreen.storyboard */ = {
			isa = PBXVariantGroup;
			children = (
				C1A04EB92CC5827E008F8882 /* Base */,
			);
			name = LaunchScreen.storyboard;
			sourceTree = "<group>";
		};
/* End PBXVariantGroup section */

/* Begin XCBuildConfiguration section */
		C1A04ED22CC5827E008F8882 /* Debug */ = {
			isa = XCBuildConfiguration;
			buildSettings = {
				ALWAYS_SEARCH_USER_PATHS = NO;
				ASSETCATALOG_COMPILER_GENERATE_SWIFT_ASSET_SYMBOL_EXTENSIONS = YES;
				CLANG_ANALYZER_NONNULL = YES;
				CLANG_ANALYZER_NUMBER_OBJECT_CONVERSION = YES_AGGRESSIVE;
				CLANG_CXX_LANGUAGE_STANDARD = "gnu++20";
				CLANG_ENABLE_MODULES = YES;
				CLANG_ENABLE_OBJC_ARC = YES;
				CLANG_ENABLE_OBJC_WEAK = YES;
				CLANG_WARN_BLOCK_CAPTURE_AUTORELEASING = YES;
				CLANG_WARN_BOOL_CONVERSION = YES;
				CLANG_WARN_COMMA = YES;
				CLANG_WARN_CONSTANT_CONVERSION = YES;
				CLANG_WARN_DEPRECATED_OBJC_IMPLEMENTATIONS = YES;
				CLANG_WARN_DIRECT_OBJC_ISA_USAGE = YES_ERROR;
				CLANG_WARN_DOCUMENTATION_COMMENTS = YES;
				CLANG_WARN_EMPTY_BODY = YES;
				CLANG_WARN_ENUM_CONVERSION = YES;
				CLANG_WARN_INFINITE_RECURSION = YES;
				CLANG_WARN_INT_CONVERSION = YES;
				CLANG_WARN_NON_LITERAL_NULL_CONVERSION = YES;
				CLANG_WARN_OBJC_IMPLICIT_RETAIN_SELF = YES;
				CLANG_WARN_OBJC_LITERAL_CONVERSION = YES;
				CLANG_WARN_OBJC_ROOT_CLASS = YES_ERROR;
				CLANG_WARN_QUOTED_INCLUDE_IN_FRAMEWORK_HEADER = YES;
				CLANG_WARN_RANGE_LOOP_ANALYSIS = YES;
				CLANG_WARN_STRICT_PROTOTYPES = YES;
				CLANG_WARN_SUSPICIOUS_MOVE = YES;
				CLANG_WARN_UNGUARDED_AVAILABILITY = YES_AGGRESSIVE;
				CLANG_WARN_UNREACHABLE_CODE = YES;
				CLANG_WARN__DUPLICATE_METHOD_MATCH = YES;
				COPY_PHASE_STRIP = NO;
				DEBUG_INFORMATION_FORMAT = dwarf;
				ENABLE_STRICT_OBJC_MSGSEND = YES;
				ENABLE_TESTABILITY = YES;
				ENABLE_USER_SCRIPT_SANDBOXING = YES;
				GCC_C_LANGUAGE_STANDARD = gnu17;
				GCC_DYNAMIC_NO_PIC = NO;
				GCC_NO_COMMON_BLOCKS = YES;
				GCC_OPTIMIZATION_LEVEL = 0;
				GCC_PREPROCESSOR_DEFINITIONS = (
					"DEBUG=1",
					"$(inherited)",
				);
				GCC_WARN_64_TO_32_BIT_CONVERSION = YES;
				GCC_WARN_ABOUT_RETURN_TYPE = YES_ERROR;
				GCC_WARN_UNDECLARED_SELECTOR = YES;
				GCC_WARN_UNINITIALIZED_AUTOS = YES_AGGRESSIVE;
				GCC_WARN_UNUSED_FUNCTION = YES;
				GCC_WARN_UNUSED_VARIABLE = YES;
				IPHONEOS_DEPLOYMENT_TARGET = 17.5;
				LOCALIZATION_PREFERS_STRING_CATALOGS = YES;
				MTL_ENABLE_DEBUG_INFO = INCLUDE_SOURCE;
				MTL_FAST_MATH = YES;
				ONLY_ACTIVE_ARCH = YES;
				SDKROOT = iphoneos;
				SWIFT_ACTIVE_COMPILATION_CONDITIONS = "DEBUG $(inherited)";
				SWIFT_OPTIMIZATION_LEVEL = "-Onone";
			};
			name = Debug;
		};
		C1A04ED32CC5827E008F8882 /* Release */ = {
			isa = XCBuildConfiguration;
			buildSettings = {
				ALWAYS_SEARCH_USER_PATHS = NO;
				ASSETCATALOG_COMPILER_GENERATE_SWIFT_ASSET_SYMBOL_EXTENSIONS = YES;
				CLANG_ANALYZER_NONNULL = YES;
				CLANG_ANALYZER_NUMBER_OBJECT_CONVERSION = YES_AGGRESSIVE;
				CLANG_CXX_LANGUAGE_STANDARD = "gnu++20";
				CLANG_ENABLE_MODULES = YES;
				CLANG_ENABLE_OBJC_ARC = YES;
				CLANG_ENABLE_OBJC_WEAK = YES;
				CLANG_WARN_BLOCK_CAPTURE_AUTORELEASING = YES;
				CLANG_WARN_BOOL_CONVERSION = YES;
				CLANG_WARN_COMMA = YES;
				CLANG_WARN_CONSTANT_CONVERSION = YES;
				CLANG_WARN_DEPRECATED_OBJC_IMPLEMENTATIONS = YES;
				CLANG_WARN_DIRECT_OBJC_ISA_USAGE = YES_ERROR;
				CLANG_WARN_DOCUMENTATION_COMMENTS = YES;
				CLANG_WARN_EMPTY_BODY = YES;
				CLANG_WARN_ENUM_CONVERSION = YES;
				CLANG_WARN_INFINITE_RECURSION = YES;
				CLANG_WARN_INT_CONVERSION = YES;
				CLANG_WARN_NON_LITERAL_NULL_CONVERSION = YES;
				CLANG_WARN_OBJC_IMPLICIT_RETAIN_SELF = YES;
				CLANG_WARN_OBJC_LITERAL_CONVERSION = YES;
				CLANG_WARN_OBJC_ROOT_CLASS = YES_ERROR;
				CLANG_WARN_QUOTED_INCLUDE_IN_FRAMEWORK_HEADER = YES;
				CLANG_WARN_RANGE_LOOP_ANALYSIS = YES;
				CLANG_WARN_STRICT_PROTOTYPES = YES;
				CLANG_WARN_SUSPICIOUS_MOVE = YES;
				CLANG_WARN_UNGUARDED_AVAILABILITY = YES_AGGRESSIVE;
				CLANG_WARN_UNREACHABLE_CODE = YES;
				CLANG_WARN__DUPLICATE_METHOD_MATCH = YES;
				COPY_PHASE_STRIP = NO;
				DEBUG_INFORMATION_FORMAT = "dwarf-with-dsym";
				ENABLE_NS_ASSERTIONS = NO;
				ENABLE_STRICT_OBJC_MSGSEND = YES;
				ENABLE_USER_SCRIPT_SANDBOXING = YES;
				GCC_C_LANGUAGE_STANDARD = gnu17;
				GCC_NO_COMMON_BLOCKS = YES;
				GCC_WARN_64_TO_32_BIT_CONVERSION = YES;
				GCC_WARN_ABOUT_RETURN_TYPE = YES_ERROR;
				GCC_WARN_UNDECLARED_SELECTOR = YES;
				GCC_WARN_UNINITIALIZED_AUTOS = YES_AGGRESSIVE;
				GCC_WARN_UNUSED_FUNCTION = YES;
				GCC_WARN_UNUSED_VARIABLE = YES;
				IPHONEOS_DEPLOYMENT_TARGET = 17.5;
				LOCALIZATION_PREFERS_STRING_CATALOGS = YES;
				MTL_ENABLE_DEBUG_INFO = NO;
				MTL_FAST_MATH = YES;
				SDKROOT = iphoneos;
				SWIFT_COMPILATION_MODE = wholemodule;
				VALIDATE_PRODUCT = YES;
			};
			name = Release;
		};
		C1A04ED52CC5827E008F8882 /* Debug */ = {
			isa = XCBuildConfiguration;
			buildSettings = {
				ASSETCATALOG_COMPILER_APPICON_NAME = AppIcon;
				ASSETCATALOG_COMPILER_GLOBAL_ACCENT_COLOR_NAME = AccentColor;
				CODE_SIGN_STYLE = Automatic;
				CURRENT_PROJECT_VERSION = 1;
				GENERATE_INFOPLIST_FILE = YES;
				INFOPLIST_FILE = UICollectionViewPlanets/Info.plist;
				INFOPLIST_KEY_UIApplicationSupportsIndirectInputEvents = YES;
				INFOPLIST_KEY_UILaunchStoryboardName = LaunchScreen;
				INFOPLIST_KEY_UIMainStoryboardFile = "";
				INFOPLIST_KEY_UISupportedInterfaceOrientations_iPad = "UIInterfaceOrientationPortrait UIInterfaceOrientationPortraitUpsideDown UIInterfaceOrientationLandscapeLeft UIInterfaceOrientationLandscapeRight";
				INFOPLIST_KEY_UISupportedInterfaceOrientations_iPhone = "UIInterfaceOrientationPortrait UIInterfaceOrientationLandscapeLeft UIInterfaceOrientationLandscapeRight";
				LD_RUNPATH_SEARCH_PATHS = (
					"$(inherited)",
					"@executable_path/Frameworks",
				);
				MARKETING_VERSION = 1.0;
				PRODUCT_BUNDLE_IDENTIFIER = Academy.UICollectionViewPlanets;
				PRODUCT_NAME = "$(TARGET_NAME)";
				SWIFT_EMIT_LOC_STRINGS = YES;
				SWIFT_VERSION = 5.0;
				TARGETED_DEVICE_FAMILY = "1,2";
			};
			name = Debug;
		};
		C1A04ED62CC5827E008F8882 /* Release */ = {
			isa = XCBuildConfiguration;
			buildSettings = {
				ASSETCATALOG_COMPILER_APPICON_NAME = AppIcon;
				ASSETCATALOG_COMPILER_GLOBAL_ACCENT_COLOR_NAME = AccentColor;
				CODE_SIGN_STYLE = Automatic;
				CURRENT_PROJECT_VERSION = 1;
				GENERATE_INFOPLIST_FILE = YES;
				INFOPLIST_FILE = UICollectionViewPlanets/Info.plist;
				INFOPLIST_KEY_UIApplicationSupportsIndirectInputEvents = YES;
				INFOPLIST_KEY_UILaunchStoryboardName = LaunchScreen;
				INFOPLIST_KEY_UISupportedInterfaceOrientations_iPad = "UIInterfaceOrientationPortrait UIInterfaceOrientationPortraitUpsideDown UIInterfaceOrientationLandscapeLeft UIInterfaceOrientationLandscapeRight";
				INFOPLIST_KEY_UISupportedInterfaceOrientations_iPhone = "UIInterfaceOrientationPortrait UIInterfaceOrientationLandscapeLeft UIInterfaceOrientationLandscapeRight";
				LD_RUNPATH_SEARCH_PATHS = (
					"$(inherited)",
					"@executable_path/Frameworks",
				);
				MARKETING_VERSION = 1.0;
				PRODUCT_BUNDLE_IDENTIFIER = Academy.UICollectionViewPlanets;
				PRODUCT_NAME = "$(TARGET_NAME)";
				SWIFT_EMIT_LOC_STRINGS = YES;
				SWIFT_VERSION = 5.0;
				TARGETED_DEVICE_FAMILY = "1,2";
			};
			name = Release;
		};
		C1A04ED82CC5827E008F8882 /* Debug */ = {
			isa = XCBuildConfiguration;
			buildSettings = {
				ALWAYS_EMBED_SWIFT_STANDARD_LIBRARIES = YES;
				BUNDLE_LOADER = "$(TEST_HOST)";
				CODE_SIGN_STYLE = Automatic;
				CURRENT_PROJECT_VERSION = 1;
				GENERATE_INFOPLIST_FILE = YES;
				IPHONEOS_DEPLOYMENT_TARGET = 17.5;
				MARKETING_VERSION = 1.0;
				PRODUCT_BUNDLE_IDENTIFIER = Academy.UICollectionViewPlanetsTests;
				PRODUCT_NAME = "$(TARGET_NAME)";
				SWIFT_EMIT_LOC_STRINGS = NO;
				SWIFT_VERSION = 5.0;
				TARGETED_DEVICE_FAMILY = "1,2";
				TEST_HOST = "$(BUILT_PRODUCTS_DIR)/UICollectionViewPlanets.app/$(BUNDLE_EXECUTABLE_FOLDER_PATH)/UICollectionViewPlanets";
			};
			name = Debug;
		};
		C1A04ED92CC5827E008F8882 /* Release */ = {
			isa = XCBuildConfiguration;
			buildSettings = {
				ALWAYS_EMBED_SWIFT_STANDARD_LIBRARIES = YES;
				BUNDLE_LOADER = "$(TEST_HOST)";
				CODE_SIGN_STYLE = Automatic;
				CURRENT_PROJECT_VERSION = 1;
				GENERATE_INFOPLIST_FILE = YES;
				IPHONEOS_DEPLOYMENT_TARGET = 17.5;
				MARKETING_VERSION = 1.0;
				PRODUCT_BUNDLE_IDENTIFIER = Academy.UICollectionViewPlanetsTests;
				PRODUCT_NAME = "$(TARGET_NAME)";
				SWIFT_EMIT_LOC_STRINGS = NO;
				SWIFT_VERSION = 5.0;
				TARGETED_DEVICE_FAMILY = "1,2";
				TEST_HOST = "$(BUILT_PRODUCTS_DIR)/UICollectionViewPlanets.app/$(BUNDLE_EXECUTABLE_FOLDER_PATH)/UICollectionViewPlanets";
			};
			name = Release;
		};
		C1A04EDB2CC5827E008F8882 /* Debug */ = {
			isa = XCBuildConfiguration;
			buildSettings = {
				ALWAYS_EMBED_SWIFT_STANDARD_LIBRARIES = YES;
				CODE_SIGN_STYLE = Automatic;
				CURRENT_PROJECT_VERSION = 1;
				GENERATE_INFOPLIST_FILE = YES;
				MARKETING_VERSION = 1.0;
				PRODUCT_BUNDLE_IDENTIFIER = Academy.UICollectionViewPlanetsUITests;
				PRODUCT_NAME = "$(TARGET_NAME)";
				SWIFT_EMIT_LOC_STRINGS = NO;
				SWIFT_VERSION = 5.0;
				TARGETED_DEVICE_FAMILY = "1,2";
				TEST_TARGET_NAME = UICollectionViewPlanets;
			};
			name = Debug;
		};
		C1A04EDC2CC5827E008F8882 /* Release */ = {
			isa = XCBuildConfiguration;
			buildSettings = {
				ALWAYS_EMBED_SWIFT_STANDARD_LIBRARIES = YES;
				CODE_SIGN_STYLE = Automatic;
				CURRENT_PROJECT_VERSION = 1;
				GENERATE_INFOPLIST_FILE = YES;
				MARKETING_VERSION = 1.0;
				PRODUCT_BUNDLE_IDENTIFIER = Academy.UICollectionViewPlanetsUITests;
				PRODUCT_NAME = "$(TARGET_NAME)";
				SWIFT_EMIT_LOC_STRINGS = NO;
				SWIFT_VERSION = 5.0;
				TARGETED_DEVICE_FAMILY = "1,2";
				TEST_TARGET_NAME = UICollectionViewPlanets;
			};
			name = Release;
		};
/* End XCBuildConfiguration section */

/* Begin XCConfigurationList section */
		C1A04EA52CC5827D008F8882 /* Build configuration list for PBXProject "UICollectionViewPlanets" */ = {
			isa = XCConfigurationList;
			buildConfigurations = (
				C1A04ED22CC5827E008F8882 /* Debug */,
				C1A04ED32CC5827E008F8882 /* Release */,
			);
			defaultConfigurationIsVisible = 0;
			defaultConfigurationName = Release;
		};
		C1A04ED42CC5827E008F8882 /* Build configuration list for PBXNativeTarget "UICollectionViewPlanets" */ = {
			isa = XCConfigurationList;
			buildConfigurations = (
				C1A04ED52CC5827E008F8882 /* Debug */,
				C1A04ED62CC5827E008F8882 /* Release */,
			);
			defaultConfigurationIsVisible = 0;
			defaultConfigurationName = Release;
		};
		C1A04ED72CC5827E008F8882 /* Build configuration list for PBXNativeTarget "UICollectionViewPlanetsTests" */ = {
			isa = XCConfigurationList;
			buildConfigurations = (
				C1A04ED82CC5827E008F8882 /* Debug */,
				C1A04ED92CC5827E008F8882 /* Release */,
			);
			defaultConfigurationIsVisible = 0;
			defaultConfigurationName = Release;
		};
		C1A04EDA2CC5827E008F8882 /* Build configuration list for PBXNativeTarget "UICollectionViewPlanetsUITests" */ = {
			isa = XCConfigurationList;
			buildConfigurations = (
				C1A04EDB2CC5827E008F8882 /* Debug */,
				C1A04EDC2CC5827E008F8882 /* Release */,
			);
			defaultConfigurationIsVisible = 0;
			defaultConfigurationName = Release;
		};
/* End XCConfigurationList section */
	};
	rootObject = C1A04EA22CC5827D008F8882 /* Project object */;
}
