// !$*UTF8*$!
{
	archiveVersion = 1;
	classes = {
	};
	objectVersion = 56;
	objects = {

/* Begin PBXBuildFile section */
		C14FC7362CBC0BC500366FCC /* AppDelegate.swift in Sources */ = {isa = PBXBuildFile; fileRef = C14FC7352CBC0BC500366FCC /* AppDelegate.swift */; };
		C14FC7382CBC0BC500366FCC /* SceneDelegate.swift in Sources */ = {isa = PBXBuildFile; fileRef = C14FC7372CBC0BC500366FCC /* SceneDelegate.swift */; };
		C14FC73A2CBC0BC500366FCC /* CalculatorVC.swift in Sources */ = {isa = PBXBuildFile; fileRef = C14FC7392CBC0BC500366FCC /* CalculatorVC.swift */; };
		C14FC73F2CBC0BC600366FCC /* Assets.xcassets in Resources */ = {isa = PBXBuildFile; fileRef = C14FC73E2CBC0BC600366FCC /* Assets.xcassets */; };
		C14FC7422CBC0BC600366FCC /* Base in Resources */ = {isa = PBXBuildFile; fileRef = C14FC7412CBC0BC600366FCC /* Base */; };
		C1A233432CBFF8B4000442A3 /* HistoryVC.swift in Sources */ = {isa = PBXBuildFile; fileRef = C1A233422CBFF8B4000442A3 /* HistoryVC.swift */; };
		C1EA95242CBC734800F7088C /* SettingsVC.swift in Sources */ = {isa = PBXBuildFile; fileRef = C1EA95232CBC734800F7088C /* SettingsVC.swift */; };
/* End PBXBuildFile section */

/* Begin PBXContainerItemProxy section */
		C14FC7492CBC0BC600366FCC /* PBXContainerItemProxy */ = {
			isa = PBXContainerItemProxy;
			containerPortal = C14FC72A2CBC0BC500366FCC /* Project object */;
			proxyType = 1;
			remoteGlobalIDString = C14FC7312CBC0BC500366FCC;
			remoteInfo = CalculatorLayoutCode;
		};
		C14FC7532CBC0BC600366FCC /* PBXContainerItemProxy */ = {
			isa = PBXContainerItemProxy;
			containerPortal = C14FC72A2CBC0BC500366FCC /* Project object */;
			proxyType = 1;
			remoteGlobalIDString = C14FC7312CBC0BC500366FCC;
			remoteInfo = CalculatorLayoutCode;
		};
/* End PBXContainerItemProxy section */

/* Begin PBXFileReference section */
		C14FC7322CBC0BC500366FCC /* CalculatorLayoutCode.app */ = {isa = PBXFileReference; explicitFileType = wrapper.application; includeInIndex = 0; path = CalculatorLayoutCode.app; sourceTree = BUILT_PRODUCTS_DIR; };
		C14FC7352CBC0BC500366FCC /* AppDelegate.swift */ = {isa = PBXFileReference; lastKnownFileType = sourcecode.swift; path = AppDelegate.swift; sourceTree = "<group>"; };
		C14FC7372CBC0BC500366FCC /* SceneDelegate.swift */ = {isa = PBXFileReference; lastKnownFileType = sourcecode.swift; path = SceneDelegate.swift; sourceTree = "<group>"; };
		C14FC7392CBC0BC500366FCC /* CalculatorVC.swift */ = {isa = PBXFileReference; lastKnownFileType = sourcecode.swift; path = CalculatorVC.swift; sourceTree = "<group>"; };
		C14FC73E2CBC0BC600366FCC /* Assets.xcassets */ = {isa = PBXFileReference; lastKnownFileType = folder.assetcatalog; path = Assets.xcassets; sourceTree = "<group>"; };
		C14FC7412CBC0BC600366FCC /* Base */ = {isa = PBXFileReference; lastKnownFileType = file.storyboard; name = Base; path = Base.lproj/LaunchScreen.storyboard; sourceTree = "<group>"; };
		C14FC7432CBC0BC600366FCC /* Info.plist */ = {isa = PBXFileReference; lastKnownFileType = text.plist.xml; path = Info.plist; sourceTree = "<group>"; };
		C14FC7482CBC0BC600366FCC /* CalculatorLayoutCodeTests.xctest */ = {isa = PBXFileReference; explicitFileType = wrapper.cfbundle; includeInIndex = 0; path = CalculatorLayoutCodeTests.xctest; sourceTree = BUILT_PRODUCTS_DIR; };
		C14FC7522CBC0BC600366FCC /* CalculatorLayoutCodeUITests.xctest */ = {isa = PBXFileReference; explicitFileType = wrapper.cfbundle; includeInIndex = 0; path = CalculatorLayoutCodeUITests.xctest; sourceTree = BUILT_PRODUCTS_DIR; };
		C1A233422CBFF8B4000442A3 /* HistoryVC.swift */ = {isa = PBXFileReference; lastKnownFileType = sourcecode.swift; path = HistoryVC.swift; sourceTree = "<group>"; };
		C1EA95232CBC734800F7088C /* SettingsVC.swift */ = {isa = PBXFileReference; lastKnownFileType = sourcecode.swift; path = SettingsVC.swift; sourceTree = "<group>"; };
/* End PBXFileReference section */

/* Begin PBXFrameworksBuildPhase section */
		C14FC72F2CBC0BC500366FCC /* Frameworks */ = {
			isa = PBXFrameworksBuildPhase;
			buildActionMask = 2147483647;
			files = (
			);
			runOnlyForDeploymentPostprocessing = 0;
		};
		C14FC7452CBC0BC600366FCC /* Frameworks */ = {
			isa = PBXFrameworksBuildPhase;
			buildActionMask = 2147483647;
			files = (
			);
			runOnlyForDeploymentPostprocessing = 0;
		};
		C14FC74F2CBC0BC600366FCC /* Frameworks */ = {
			isa = PBXFrameworksBuildPhase;
			buildActionMask = 2147483647;
			files = (
			);
			runOnlyForDeploymentPostprocessing = 0;
		};
/* End PBXFrameworksBuildPhase section */

/* Begin PBXGroup section */
		C14FC7292CBC0BC500366FCC = {
			isa = PBXGroup;
			children = (
				C14FC7342CBC0BC500366FCC /* CalculatorLayoutCode */,
				C14FC7332CBC0BC500366FCC /* Products */,
			);
			sourceTree = "<group>";
		};
		C14FC7332CBC0BC500366FCC /* Products */ = {
			isa = PBXGroup;
			children = (
				C14FC7322CBC0BC500366FCC /* CalculatorLayoutCode.app */,
				C14FC7482CBC0BC600366FCC /* CalculatorLayoutCodeTests.xctest */,
				C14FC7522CBC0BC600366FCC /* CalculatorLayoutCodeUITests.xctest */,
			);
			name = Products;
			sourceTree = "<group>";
		};
		C14FC7342CBC0BC500366FCC /* CalculatorLayoutCode */ = {
			isa = PBXGroup;
			children = (
				C14FC7352CBC0BC500366FCC /* AppDelegate.swift */,
				C14FC7372CBC0BC500366FCC /* SceneDelegate.swift */,
				C14FC7392CBC0BC500366FCC /* CalculatorVC.swift */,
				C1EA95232CBC734800F7088C /* SettingsVC.swift */,
				C14FC73E2CBC0BC600366FCC /* Assets.xcassets */,
				C14FC7402CBC0BC600366FCC /* LaunchScreen.storyboard */,
				C14FC7432CBC0BC600366FCC /* Info.plist */,
				C1A233422CBFF8B4000442A3 /* HistoryVC.swift */,
			);
			path = CalculatorLayoutCode;
			sourceTree = "<group>";
		};
/* End PBXGroup section */

/* Begin PBXNativeTarget section */
		C14FC7312CBC0BC500366FCC /* CalculatorLayoutCode */ = {
			isa = PBXNativeTarget;
			buildConfigurationList = C14FC75C2CBC0BC600366FCC /* Build configuration list for PBXNativeTarget "CalculatorLayoutCode" */;
			buildPhases = (
				C14FC72E2CBC0BC500366FCC /* Sources */,
				C14FC72F2CBC0BC500366FCC /* Frameworks */,
				C14FC7302CBC0BC500366FCC /* Resources */,
			);
			buildRules = (
			);
			dependencies = (
			);
			name = CalculatorLayoutCode;
			productName = CalculatorLayoutCode;
			productReference = C14FC7322CBC0BC500366FCC /* CalculatorLayoutCode.app */;
			productType = "com.apple.product-type.application";
		};
		C14FC7472CBC0BC600366FCC /* CalculatorLayoutCodeTests */ = {
			isa = PBXNativeTarget;
			buildConfigurationList = C14FC75F2CBC0BC600366FCC /* Build configuration list for PBXNativeTarget "CalculatorLayoutCodeTests" */;
			buildPhases = (
				C14FC7442CBC0BC600366FCC /* Sources */,
				C14FC7452CBC0BC600366FCC /* Frameworks */,
				C14FC7462CBC0BC600366FCC /* Resources */,
			);
			buildRules = (
			);
			dependencies = (
				C14FC74A2CBC0BC600366FCC /* PBXTargetDependency */,
			);
			name = CalculatorLayoutCodeTests;
			productName = CalculatorLayoutCodeTests;
			productReference = C14FC7482CBC0BC600366FCC /* CalculatorLayoutCodeTests.xctest */;
			productType = "com.apple.product-type.bundle.unit-test";
		};
		C14FC7512CBC0BC600366FCC /* CalculatorLayoutCodeUITests */ = {
			isa = PBXNativeTarget;
			buildConfigurationList = C14FC7622CBC0BC600366FCC /* Build configuration list for PBXNativeTarget "CalculatorLayoutCodeUITests" */;
			buildPhases = (
				C14FC74E2CBC0BC600366FCC /* Sources */,
				C14FC74F2CBC0BC600366FCC /* Frameworks */,
				C14FC7502CBC0BC600366FCC /* Resources */,
			);
			buildRules = (
			);
			dependencies = (
				C14FC7542CBC0BC600366FCC /* PBXTargetDependency */,
			);
			name = CalculatorLayoutCodeUITests;
			productName = CalculatorLayoutCodeUITests;
			productReference = C14FC7522CBC0BC600366FCC /* CalculatorLayoutCodeUITests.xctest */;
			productType = "com.apple.product-type.bundle.ui-testing";
		};
/* End PBXNativeTarget section */

/* Begin PBXProject section */
		C14FC72A2CBC0BC500366FCC /* Project object */ = {
			isa = PBXProject;
			attributes = {
				BuildIndependentTargetsInParallel = 1;
				LastSwiftUpdateCheck = 1540;
				LastUpgradeCheck = 1540;
				TargetAttributes = {
					C14FC7312CBC0BC500366FCC = {
						CreatedOnToolsVersion = 15.4;
					};
					C14FC7472CBC0BC600366FCC = {
						CreatedOnToolsVersion = 15.4;
						TestTargetID = C14FC7312CBC0BC500366FCC;
					};
					C14FC7512CBC0BC600366FCC = {
						CreatedOnToolsVersion = 15.4;
						TestTargetID = C14FC7312CBC0BC500366FCC;
					};
				};
			};
			buildConfigurationList = C14FC72D2CBC0BC500366FCC /* Build configuration list for PBXProject "CalculatorLayoutCode" */;
			compatibilityVersion = "Xcode 14.0";
			developmentRegion = en;
			hasScannedForEncodings = 0;
			knownRegions = (
				en,
				Base,
			);
			mainGroup = C14FC7292CBC0BC500366FCC;
			productRefGroup = C14FC7332CBC0BC500366FCC /* Products */;
			projectDirPath = "";
			projectRoot = "";
			targets = (
				C14FC7312CBC0BC500366FCC /* CalculatorLayoutCode */,
				C14FC7472CBC0BC600366FCC /* CalculatorLayoutCodeTests */,
				C14FC7512CBC0BC600366FCC /* CalculatorLayoutCodeUITests */,
			);
		};
/* End PBXProject section */

/* Begin PBXResourcesBuildPhase section */
		C14FC7302CBC0BC500366FCC /* Resources */ = {
			isa = PBXResourcesBuildPhase;
			buildActionMask = 2147483647;
			files = (
				C14FC73F2CBC0BC600366FCC /* Assets.xcassets in Resources */,
				C14FC7422CBC0BC600366FCC /* Base in Resources */,
			);
			runOnlyForDeploymentPostprocessing = 0;
		};
		C14FC7462CBC0BC600366FCC /* Resources */ = {
			isa = PBXResourcesBuildPhase;
			buildActionMask = 2147483647;
			files = (
			);
			runOnlyForDeploymentPostprocessing = 0;
		};
		C14FC7502CBC0BC600366FCC /* Resources */ = {
			isa = PBXResourcesBuildPhase;
			buildActionMask = 2147483647;
			files = (
			);
			runOnlyForDeploymentPostprocessing = 0;
		};
/* End PBXResourcesBuildPhase section */

/* Begin PBXSourcesBuildPhase section */
		C14FC72E2CBC0BC500366FCC /* Sources */ = {
			isa = PBXSourcesBuildPhase;
			buildActionMask = 2147483647;
			files = (
				C14FC73A2CBC0BC500366FCC /* CalculatorVC.swift in Sources */,
				C1A233432CBFF8B4000442A3 /* HistoryVC.swift in Sources */,
				C1EA95242CBC734800F7088C /* SettingsVC.swift in Sources */,
				C14FC7362CBC0BC500366FCC /* AppDelegate.swift in Sources */,
				C14FC7382CBC0BC500366FCC /* SceneDelegate.swift in Sources */,
			);
			runOnlyForDeploymentPostprocessing = 0;
		};
		C14FC7442CBC0BC600366FCC /* Sources */ = {
			isa = PBXSourcesBuildPhase;
			buildActionMask = 2147483647;
			files = (
			);
			runOnlyForDeploymentPostprocessing = 0;
		};
		C14FC74E2CBC0BC600366FCC /* Sources */ = {
			isa = PBXSourcesBuildPhase;
			buildActionMask = 2147483647;
			files = (
			);
			runOnlyForDeploymentPostprocessing = 0;
		};
/* End PBXSourcesBuildPhase section */

/* Begin PBXTargetDependency section */
		C14FC74A2CBC0BC600366FCC /* PBXTargetDependency */ = {
			isa = PBXTargetDependency;
			target = C14FC7312CBC0BC500366FCC /* CalculatorLayoutCode */;
			targetProxy = C14FC7492CBC0BC600366FCC /* PBXContainerItemProxy */;
		};
		C14FC7542CBC0BC600366FCC /* PBXTargetDependency */ = {
			isa = PBXTargetDependency;
			target = C14FC7312CBC0BC500366FCC /* CalculatorLayoutCode */;
			targetProxy = C14FC7532CBC0BC600366FCC /* PBXContainerItemProxy */;
		};
/* End PBXTargetDependency section */

/* Begin PBXVariantGroup section */
		C14FC7402CBC0BC600366FCC /* LaunchScreen.storyboard */ = {
			isa = PBXVariantGroup;
			children = (
				C14FC7412CBC0BC600366FCC /* Base */,
			);
			name = LaunchScreen.storyboard;
			sourceTree = "<group>";
		};
/* End PBXVariantGroup section */

/* Begin XCBuildConfiguration section */
		C14FC75A2CBC0BC600366FCC /* Debug */ = {
			isa = XCBuildConfiguration;
			buildSettings = {
				ALWAYS_SEARCH_USER_PATHS = NO;
				ASSETCATALOG_COMPILER_GENERATE_SWIFT_ASSET_SYMBOL_EXTENSIONS = YES;
				CLANG_ANALYZER_NONNULL = YES;
				CLANG_ANALYZER_NUMBER_OBJECT_CONVERSION = YES_AGGRESSIVE;
				CLANG_CXX_LANGUAGE_STANDARD = "gnu++20";
				CLANG_ENABLE_MODULES = YES;
				CLANG_ENABLE_OBJC_ARC = YES;
				CLANG_ENABLE_OBJC_WEAK = YES;
				CLANG_WARN_BLOCK_CAPTURE_AUTORELEASING = YES;
				CLANG_WARN_BOOL_CONVERSION = YES;
				CLANG_WARN_COMMA = YES;
				CLANG_WARN_CONSTANT_CONVERSION = YES;
				CLANG_WARN_DEPRECATED_OBJC_IMPLEMENTATIONS = YES;
				CLANG_WARN_DIRECT_OBJC_ISA_USAGE = YES_ERROR;
				CLANG_WARN_DOCUMENTATION_COMMENTS = YES;
				CLANG_WARN_EMPTY_BODY = YES;
				CLANG_WARN_ENUM_CONVERSION = YES;
				CLANG_WARN_INFINITE_RECURSION = YES;
				CLANG_WARN_INT_CONVERSION = YES;
				CLANG_WARN_NON_LITERAL_NULL_CONVERSION = YES;
				CLANG_WARN_OBJC_IMPLICIT_RETAIN_SELF = YES;
				CLANG_WARN_OBJC_LITERAL_CONVERSION = YES;
				CLANG_WARN_OBJC_ROOT_CLASS = YES_ERROR;
				CLANG_WARN_QUOTED_INCLUDE_IN_FRAMEWORK_HEADER = YES;
				CLANG_WARN_RANGE_LOOP_ANALYSIS = YES;
				CLANG_WARN_STRICT_PROTOTYPES = YES;
				CLANG_WARN_SUSPICIOUS_MOVE = YES;
				CLANG_WARN_UNGUARDED_AVAILABILITY = YES_AGGRESSIVE;
				CLANG_WARN_UNREACHABLE_CODE = YES;
				CLANG_WARN__DUPLICATE_METHOD_MATCH = YES;
				COPY_PHASE_STRIP = NO;
				DEBUG_INFORMATION_FORMAT = dwarf;
				ENABLE_STRICT_OBJC_MSGSEND = YES;
				ENABLE_TESTABILITY = YES;
				ENABLE_USER_SCRIPT_SANDBOXING = YES;
				GCC_C_LANGUAGE_STANDARD = gnu17;
				GCC_DYNAMIC_NO_PIC = NO;
				GCC_NO_COMMON_BLOCKS = YES;
				GCC_OPTIMIZATION_LEVEL = 0;
				GCC_PREPROCESSOR_DEFINITIONS = (
					"DEBUG=1",
					"$(inherited)",
				);
				GCC_WARN_64_TO_32_BIT_CONVERSION = YES;
				GCC_WARN_ABOUT_RETURN_TYPE = YES_ERROR;
				GCC_WARN_UNDECLARED_SELECTOR = YES;
				GCC_WARN_UNINITIALIZED_AUTOS = YES_AGGRESSIVE;
				GCC_WARN_UNUSED_FUNCTION = YES;
				GCC_WARN_UNUSED_VARIABLE = YES;
				IPHONEOS_DEPLOYMENT_TARGET = 17.5;
				LOCALIZATION_PREFERS_STRING_CATALOGS = YES;
				MTL_ENABLE_DEBUG_INFO = INCLUDE_SOURCE;
				MTL_FAST_MATH = YES;
				ONLY_ACTIVE_ARCH = YES;
				SDKROOT = iphoneos;
				SWIFT_ACTIVE_COMPILATION_CONDITIONS = "DEBUG $(inherited)";
				SWIFT_OPTIMIZATION_LEVEL = "-Onone";
			};
			name = Debug;
		};
		C14FC75B2CBC0BC600366FCC /* Release */ = {
			isa = XCBuildConfiguration;
			buildSettings = {
				ALWAYS_SEARCH_USER_PATHS = NO;
				ASSETCATALOG_COMPILER_GENERATE_SWIFT_ASSET_SYMBOL_EXTENSIONS = YES;
				CLANG_ANALYZER_NONNULL = YES;
				CLANG_ANALYZER_NUMBER_OBJECT_CONVERSION = YES_AGGRESSIVE;
				CLANG_CXX_LANGUAGE_STANDARD = "gnu++20";
				CLANG_ENABLE_MODULES = YES;
				CLANG_ENABLE_OBJC_ARC = YES;
				CLANG_ENABLE_OBJC_WEAK = YES;
				CLANG_WARN_BLOCK_CAPTURE_AUTORELEASING = YES;
				CLANG_WARN_BOOL_CONVERSION = YES;
				CLANG_WARN_COMMA = YES;
				CLANG_WARN_CONSTANT_CONVERSION = YES;
				CLANG_WARN_DEPRECATED_OBJC_IMPLEMENTATIONS = YES;
				CLANG_WARN_DIRECT_OBJC_ISA_USAGE = YES_ERROR;
				CLANG_WARN_DOCUMENTATION_COMMENTS = YES;
				CLANG_WARN_EMPTY_BODY = YES;
				CLANG_WARN_ENUM_CONVERSION = YES;
				CLANG_WARN_INFINITE_RECURSION = YES;
				CLANG_WARN_INT_CONVERSION = YES;
				CLANG_WARN_NON_LITERAL_NULL_CONVERSION = YES;
				CLANG_WARN_OBJC_IMPLICIT_RETAIN_SELF = YES;
				CLANG_WARN_OBJC_LITERAL_CONVERSION = YES;
				CLANG_WARN_OBJC_ROOT_CLASS = YES_ERROR;
				CLANG_WARN_QUOTED_INCLUDE_IN_FRAMEWORK_HEADER = YES;
				CLANG_WARN_RANGE_LOOP_ANALYSIS = YES;
				CLANG_WARN_STRICT_PROTOTYPES = YES;
				CLANG_WARN_SUSPICIOUS_MOVE = YES;
				CLANG_WARN_UNGUARDED_AVAILABILITY = YES_AGGRESSIVE;
				CLANG_WARN_UNREACHABLE_CODE = YES;
				CLANG_WARN__DUPLICATE_METHOD_MATCH = YES;
				COPY_PHASE_STRIP = NO;
				DEBUG_INFORMATION_FORMAT = "dwarf-with-dsym";
				ENABLE_NS_ASSERTIONS = NO;
				ENABLE_STRICT_OBJC_MSGSEND = YES;
				ENABLE_USER_SCRIPT_SANDBOXING = YES;
				GCC_C_LANGUAGE_STANDARD = gnu17;
				GCC_NO_COMMON_BLOCKS = YES;
				GCC_WARN_64_TO_32_BIT_CONVERSION = YES;
				GCC_WARN_ABOUT_RETURN_TYPE = YES_ERROR;
				GCC_WARN_UNDECLARED_SELECTOR = YES;
				GCC_WARN_UNINITIALIZED_AUTOS = YES_AGGRESSIVE;
				GCC_WARN_UNUSED_FUNCTION = YES;
				GCC_WARN_UNUSED_VARIABLE = YES;
				IPHONEOS_DEPLOYMENT_TARGET = 17.5;
				LOCALIZATION_PREFERS_STRING_CATALOGS = YES;
				MTL_ENABLE_DEBUG_INFO = NO;
				MTL_FAST_MATH = YES;
				SDKROOT = iphoneos;
				SWIFT_COMPILATION_MODE = wholemodule;
				VALIDATE_PRODUCT = YES;
			};
			name = Release;
		};
		C14FC75D2CBC0BC600366FCC /* Debug */ = {
			isa = XCBuildConfiguration;
			buildSettings = {
				ASSETCATALOG_COMPILER_APPICON_NAME = AppIcon;
				ASSETCATALOG_COMPILER_GLOBAL_ACCENT_COLOR_NAME = AccentColor;
				CODE_SIGN_STYLE = Automatic;
				CURRENT_PROJECT_VERSION = 1;
				GENERATE_INFOPLIST_FILE = YES;
				INFOPLIST_FILE = CalculatorLayoutCode/Info.plist;
				INFOPLIST_KEY_UIApplicationSupportsIndirectInputEvents = YES;
				INFOPLIST_KEY_UILaunchStoryboardName = LaunchScreen;
				INFOPLIST_KEY_UISupportedInterfaceOrientations_iPad = "UIInterfaceOrientationPortrait UIInterfaceOrientationPortraitUpsideDown UIInterfaceOrientationLandscapeLeft UIInterfaceOrientationLandscapeRight";
				INFOPLIST_KEY_UISupportedInterfaceOrientations_iPhone = "UIInterfaceOrientationPortrait UIInterfaceOrientationLandscapeLeft UIInterfaceOrientationLandscapeRight";
				LD_RUNPATH_SEARCH_PATHS = (
					"$(inherited)",
					"@executable_path/Frameworks",
				);
				MARKETING_VERSION = 1.0;
				PRODUCT_BUNDLE_IDENTIFIER = Academy.CalculatorLayoutCode;
				PRODUCT_NAME = "$(TARGET_NAME)";
				SWIFT_EMIT_LOC_STRINGS = YES;
				SWIFT_VERSION = 5.0;
				TARGETED_DEVICE_FAMILY = "1,2";
			};
			name = Debug;
		};
		C14FC75E2CBC0BC600366FCC /* Release */ = {
			isa = XCBuildConfiguration;
			buildSettings = {
				ASSETCATALOG_COMPILER_APPICON_NAME = AppIcon;
				ASSETCATALOG_COMPILER_GLOBAL_ACCENT_COLOR_NAME = AccentColor;
				CODE_SIGN_STYLE = Automatic;
				CURRENT_PROJECT_VERSION = 1;
				GENERATE_INFOPLIST_FILE = YES;
				INFOPLIST_FILE = CalculatorLayoutCode/Info.plist;
				INFOPLIST_KEY_UIApplicationSupportsIndirectInputEvents = YES;
				INFOPLIST_KEY_UILaunchStoryboardName = LaunchScreen;
				INFOPLIST_KEY_UISupportedInterfaceOrientations_iPad = "UIInterfaceOrientationPortrait UIInterfaceOrientationPortraitUpsideDown UIInterfaceOrientationLandscapeLeft UIInterfaceOrientationLandscapeRight";
				INFOPLIST_KEY_UISupportedInterfaceOrientations_iPhone = "UIInterfaceOrientationPortrait UIInterfaceOrientationLandscapeLeft UIInterfaceOrientationLandscapeRight";
				LD_RUNPATH_SEARCH_PATHS = (
					"$(inherited)",
					"@executable_path/Frameworks",
				);
				MARKETING_VERSION = 1.0;
				PRODUCT_BUNDLE_IDENTIFIER = Academy.CalculatorLayoutCode;
				PRODUCT_NAME = "$(TARGET_NAME)";
				SWIFT_EMIT_LOC_STRINGS = YES;
				SWIFT_VERSION = 5.0;
				TARGETED_DEVICE_FAMILY = "1,2";
			};
			name = Release;
		};
		C14FC7602CBC0BC600366FCC /* Debug */ = {
			isa = XCBuildConfiguration;
			buildSettings = {
				ALWAYS_EMBED_SWIFT_STANDARD_LIBRARIES = YES;
				BUNDLE_LOADER = "$(TEST_HOST)";
				CODE_SIGN_STYLE = Automatic;
				CURRENT_PROJECT_VERSION = 1;
				GENERATE_INFOPLIST_FILE = YES;
				IPHONEOS_DEPLOYMENT_TARGET = 17.5;
				MARKETING_VERSION = 1.0;
				PRODUCT_BUNDLE_IDENTIFIER = Academy.CalculatorLayoutCodeTests;
				PRODUCT_NAME = "$(TARGET_NAME)";
				SWIFT_EMIT_LOC_STRINGS = NO;
				SWIFT_VERSION = 5.0;
				TARGETED_DEVICE_FAMILY = "1,2";
				TEST_HOST = "$(BUILT_PRODUCTS_DIR)/CalculatorLayoutCode.app/$(BUNDLE_EXECUTABLE_FOLDER_PATH)/CalculatorLayoutCode";
			};
			name = Debug;
		};
		C14FC7612CBC0BC600366FCC /* Release */ = {
			isa = XCBuildConfiguration;
			buildSettings = {
				ALWAYS_EMBED_SWIFT_STANDARD_LIBRARIES = YES;
				BUNDLE_LOADER = "$(TEST_HOST)";
				CODE_SIGN_STYLE = Automatic;
				CURRENT_PROJECT_VERSION = 1;
				GENERATE_INFOPLIST_FILE = YES;
				IPHONEOS_DEPLOYMENT_TARGET = 17.5;
				MARKETING_VERSION = 1.0;
				PRODUCT_BUNDLE_IDENTIFIER = Academy.CalculatorLayoutCodeTests;
				PRODUCT_NAME = "$(TARGET_NAME)";
				SWIFT_EMIT_LOC_STRINGS = NO;
				SWIFT_VERSION = 5.0;
				TARGETED_DEVICE_FAMILY = "1,2";
				TEST_HOST = "$(BUILT_PRODUCTS_DIR)/CalculatorLayoutCode.app/$(BUNDLE_EXECUTABLE_FOLDER_PATH)/CalculatorLayoutCode";
			};
			name = Release;
		};
		C14FC7632CBC0BC600366FCC /* Debug */ = {
			isa = XCBuildConfiguration;
			buildSettings = {
				ALWAYS_EMBED_SWIFT_STANDARD_LIBRARIES = YES;
				CODE_SIGN_STYLE = Automatic;
				CURRENT_PROJECT_VERSION = 1;
				GENERATE_INFOPLIST_FILE = YES;
				MARKETING_VERSION = 1.0;
				PRODUCT_BUNDLE_IDENTIFIER = Academy.CalculatorLayoutCodeUITests;
				PRODUCT_NAME = "$(TARGET_NAME)";
				SWIFT_EMIT_LOC_STRINGS = NO;
				SWIFT_VERSION = 5.0;
				TARGETED_DEVICE_FAMILY = "1,2";
				TEST_TARGET_NAME = CalculatorLayoutCode;
			};
			name = Debug;
		};
		C14FC7642CBC0BC600366FCC /* Release */ = {
			isa = XCBuildConfiguration;
			buildSettings = {
				ALWAYS_EMBED_SWIFT_STANDARD_LIBRARIES = YES;
				CODE_SIGN_STYLE = Automatic;
				CURRENT_PROJECT_VERSION = 1;
				GENERATE_INFOPLIST_FILE = YES;
				MARKETING_VERSION = 1.0;
				PRODUCT_BUNDLE_IDENTIFIER = Academy.CalculatorLayoutCodeUITests;
				PRODUCT_NAME = "$(TARGET_NAME)";
				SWIFT_EMIT_LOC_STRINGS = NO;
				SWIFT_VERSION = 5.0;
				TARGETED_DEVICE_FAMILY = "1,2";
				TEST_TARGET_NAME = CalculatorLayoutCode;
			};
			name = Release;
		};
/* End XCBuildConfiguration section */

/* Begin XCConfigurationList section */
		C14FC72D2CBC0BC500366FCC /* Build configuration list for PBXProject "CalculatorLayoutCode" */ = {
			isa = XCConfigurationList;
			buildConfigurations = (
				C14FC75A2CBC0BC600366FCC /* Debug */,
				C14FC75B2CBC0BC600366FCC /* Release */,
			);
			defaultConfigurationIsVisible = 0;
			defaultConfigurationName = Release;
		};
		C14FC75C2CBC0BC600366FCC /* Build configuration list for PBXNativeTarget "CalculatorLayoutCode" */ = {
			isa = XCConfigurationList;
			buildConfigurations = (
				C14FC75D2CBC0BC600366FCC /* Debug */,
				C14FC75E2CBC0BC600366FCC /* Release */,
			);
			defaultConfigurationIsVisible = 0;
			defaultConfigurationName = Release;
		};
		C14FC75F2CBC0BC600366FCC /* Build configuration list for PBXNativeTarget "CalculatorLayoutCodeTests" */ = {
			isa = XCConfigurationList;
			buildConfigurations = (
				C14FC7602CBC0BC600366FCC /* Debug */,
				C14FC7612CBC0BC600366FCC /* Release */,
			);
			defaultConfigurationIsVisible = 0;
			defaultConfigurationName = Release;
		};
		C14FC7622CBC0BC600366FCC /* Build configuration list for PBXNativeTarget "CalculatorLayoutCodeUITests" */ = {
			isa = XCConfigurationList;
			buildConfigurations = (
				C14FC7632CBC0BC600366FCC /* Debug */,
				C14FC7642CBC0BC600366FCC /* Release */,
			);
			defaultConfigurationIsVisible = 0;
			defaultConfigurationName = Release;
		};
/* End XCConfigurationList section */
	};
	rootObject = C14FC72A2CBC0BC500366FCC /* Project object */;
}
